
Microsoft Visual Studio Solution File, Format Version 12.00
# Visual Studio 14
VisualStudioVersion = 14.0.25420.1
MinimumVisualStudioVersion = 10.0.40219.1
Project("{FAE04EC0-301F-11D3-BF4B-00C04F79EFBC}") = "ProjectWork.Entities", "ProjectWork.Entities\ProjectWork.Entities.csproj", "{681F0558-725A-4EC8-9132-87D51375465F}"
EndProject
Project("{FAE04EC0-301F-11D3-BF4B-00C04F79EFBC}") = "ProjectWork.Data", "ProjectWork.Data\ProjectWork.Data.csproj", "{734E6F60-D487-4807-9282-90C83366CB91}"
EndProject
Project("{FAE04EC0-301F-11D3-BF4B-00C04F79EFBC}") = "ProjectWork.Services", "ProjectWork.Services\ProjectWork.Services.csproj", "{91C019AF-B39D-42DD-84CB-C709E70A2B18}"
EndProject
Project("{FAE04EC0-301F-11D3-BF4B-00C04F79EFBC}") = "ProjectWork.Web", "ProjectWork.Web\ProjectWork.Web.csproj", "{B28F055E-6594-4FA6-8FEB-FAD5D5129C05}"
EndProject
Project("{FAE04EC0-301F-11D3-BF4B-00C04F79EFBC}") = "ProjectWork.Web.Tests", "ProjectWork.Web.Tests\ProjectWork.Web.Tests.csproj", "{02BB9CA5-6845-44BF-BF13-E693B9B5D775}"
EndProject
Project("{FAE04EC0-301F-11D3-BF4B-00C04F79EFBC}") = "ProjectWork.UI", "ProjectWork.UI\ProjectWork.UI.csproj", "{C8703C33-3B60-4B2F-A387-709E7ABE469D}"
EndProject
Global
	GlobalSection(SolutionConfigurationPlatforms) = preSolution
		Debug|Any CPU = Debug|Any CPU
		Release|Any CPU = Release|Any CPU
	EndGlobalSection
	GlobalSection(ProjectConfigurationPlatforms) = postSolution
		{681F0558-725A-4EC8-9132-87D51375465F}.Debug|Any CPU.ActiveCfg = Debug|Any CPU
		{681F0558-725A-4EC8-9132-87D51375465F}.Debug|Any CPU.Build.0 = Debug|Any CPU
		{681F0558-725A-4EC8-9132-87D51375465F}.Release|Any CPU.ActiveCfg = Release|Any CPU
		{681F0558-725A-4EC8-9132-87D51375465F}.Release|Any CPU.Build.0 = Release|Any CPU
		{734E6F60-D487-4807-9282-90C83366CB91}.Debug|Any CPU.ActiveCfg = Debug|Any CPU
		{734E6F60-D487-4807-9282-90C83366CB91}.Debug|Any CPU.Build.0 = Debug|Any CPU
		{734E6F60-D487-4807-9282-90C83366CB91}.Release|Any CPU.ActiveCfg = Release|Any CPU
		{734E6F60-D487-4807-9282-90C83366CB91}.Release|Any CPU.Build.0 = Release|Any CPU
		{91C019AF-B39D-42DD-84CB-C709E70A2B18}.Debug|Any CPU.ActiveCfg = Debug|Any CPU
		{91C019AF-B39D-42DD-84CB-C709E70A2B18}.Debug|Any CPU.Build.0 = Debug|Any CPU
		{91C019AF-B39D-42DD-84CB-C709E70A2B18}.Release|Any CPU.ActiveCfg = Release|Any CPU
		{91C019AF-B39D-42DD-84CB-C709E70A2B18}.Release|Any CPU.Build.0 = Release|Any CPU
		{B28F055E-6594-4FA6-8FEB-FAD5D5129C05}.Debug|Any CPU.ActiveCfg = Debug|Any CPU
		{B28F055E-6594-4FA6-8FEB-FAD5D5129C05}.Debug|Any CPU.Build.0 = Debug|Any CPU
		{B28F055E-6594-4FA6-8FEB-FAD5D5129C05}.Release|Any CPU.ActiveCfg = Release|Any CPU
		{B28F055E-6594-4FA6-8FEB-FAD5D5129C05}.Release|Any CPU.Build.0 = Release|Any CPU
		{02BB9CA5-6845-44BF-BF13-E693B9B5D775}.Debug|Any CPU.ActiveCfg = Debug|Any CPU
		{02BB9CA5-6845-44BF-BF13-E693B9B5D775}.Debug|Any CPU.Build.0 = Debug|Any CPU
		{02BB9CA5-6845-44BF-BF13-E693B9B5D775}.Release|Any CPU.ActiveCfg = Release|Any CPU
		{02BB9CA5-6845-44BF-BF13-E693B9B5D775}.Release|Any CPU.Build.0 = Release|Any CPU
		{C8703C33-3B60-4B2F-A387-709E7ABE469D}.Debug|Any CPU.ActiveCfg = Debug|Any CPU
		{C8703C33-3B60-4B2F-A387-709E7ABE469D}.Debug|Any CPU.Build.0 = Debug|Any CPU
		{C8703C33-3B60-4B2F-A387-709E7ABE469D}.Release|Any CPU.ActiveCfg = Release|Any CPU
		{C8703C33-3B60-4B2F-A387-709E7ABE469D}.Release|Any CPU.Build.0 = Release|Any CPU
	EndGlobalSection
	GlobalSection(SolutionProperties) = preSolution
		HideSolutionNode = FALSE
	EndGlobalSection
EndGlobal
